{
    "_meta": {
        "hash": {
            "sha256": "2c78510ec3d561672dfbc0e5b839db5b609522a6e728e28a893de7a40ce5e868"
        },
        "pipfile-spec": 6,
        "requires": {
            "python_version": "3.8"
        },
        "sources": [
            {
                "name": "pypi",
                "url": "https://pypi.org/simple",
                "verify_ssl": true
            }
        ]
    },
    "default": {
        "asgiref": {
            "hashes": [
                "sha256:8036f90603c54e93521e5777b2b9a39ba1bad05773fcf2d208f0299d1df58ce5",
                "sha256:9ca8b952a0a9afa61d30aa6d3d9b570bb3fd6bafcf7ec9e6bed43b936133db1c"
            ],
            "version": "==3.2.7"
        },
        "django": {
            "hashes": [
                "sha256:5052b34b34b3425233c682e0e11d658fd6efd587d11335a0203d827224ada8f2",
                "sha256:e1630333248c9b3d4e38f02093a26f1e07b271ca896d73097457996e0fae12e8"
            ],
            "index": "pypi",
            "version": "==3.0.7"
        },
        "django-extensions": {
            "hashes": [
                "sha256:4524eca892d23fa6e93b0620901983b287ff5dc806f1b978d6a98541f06b9471",
                "sha256:936e8e3962024d3c75ea54f4e0248002404ca7ca7fb698430e60b06b5555b4e7"
            ],
            "index": "pypi",
            "version": "==2.2.6"
        },
        "django-solo": {
            "hashes": [
                "sha256:b1206b9a9411b19a4354f7d7d245909a9ea7e9cd566b594363b5adce7dc13e5d"
            ],
            "index": "pypi",
            "version": "==1.1.3"
        },
        "pillow": {
            "hashes": [
                "sha256:04766c4930c174b46fd72d450674612ab44cca977ebbcc2dde722c6933290107",
                "sha256:0e2a3bceb0fd4e0cb17192ae506d5f082b309ffe5fc370a5667959c9b2f85fa3",
                "sha256:0f01e63c34f0e1e2580cc0b24e86a5ccbbfa8830909a52ee17624c4193224cd9",
                "sha256:12e4bad6bddd8546a2f9771485c7e3d2b546b458ae8ff79621214119ac244523",
                "sha256:1f694e28c169655c50bb89a3fa07f3b854d71eb47f50783621de813979ba87f3",
                "sha256:3d25dd8d688f7318dca6d8cd4f962a360ee40346c15893ae3b95c061cdbc4079",
                "sha256:4b02b9c27fad2054932e89f39703646d0c543f21d3cc5b8e05434215121c28cd",
                "sha256:9744350687459234867cbebfe9df8f35ef9e1538f3e729adbd8fde0761adb705",
                "sha256:a0b49960110bc6ff5fead46013bcb8825d101026d466f3a4de3476defe0fb0dd",
                "sha256:ae2b270f9a0b8822b98655cb3a59cdb1bd54a34807c6c56b76dd2e786c3b7db3",
                "sha256:b37bb3bd35edf53125b0ff257822afa6962649995cbdfde2791ddb62b239f891",
                "sha256:b532bcc2f008e96fd9241177ec580829dee817b090532f43e54074ecffdcd97f",
                "sha256:b67a6c47ed963c709ed24566daa3f95a18f07d3831334da570c71da53d97d088",
                "sha256:b943e71c2065ade6fef223358e56c167fc6ce31c50bc7a02dd5c17ee4338e8ac",
                "sha256:ccc9ad2460eb5bee5642eaf75a0438d7f8887d484490d5117b98edd7f33118b7",
                "sha256:d23e2aa9b969cf9c26edfb4b56307792b8b374202810bd949effd1c6e11ebd6d",
                "sha256:eaa83729eab9c60884f362ada982d3a06beaa6cc8b084cf9f76cae7739481dfa",
                "sha256:ee94fce8d003ac9fd206496f2707efe9eadcb278d94c271f129ab36aa7181344",
                "sha256:f455efb7a98557412dc6f8e463c1faf1f1911ec2432059fa3e582b6000fc90e2",
                "sha256:f46e0e024346e1474083c729d50de909974237c72daca05393ee32389dabe457",
                "sha256:f54be399340aa602066adb63a86a6a5d4f395adfdd9da2b9a0162ea808c7b276",
                "sha256:f784aad988f12c80aacfa5b381ec21fd3f38f851720f652b9f33facc5101cf4d"
            ],
            "version": "==7.1.2"
        },
        "pytz": {
            "hashes": [
                "sha256:1c557d7d0e871de1f5ccd5833f60fb2550652da6be2693c1e02300743d21500d",
                "sha256:b02c06db6cf09c12dd25137e563b31700d3b80fcc4ad23abb7a315f2789819be"
            ],
            "index": "pypi",
            "version": "==2019.3"
        },
        "reportlab": {
            "hashes": [
                "sha256:2a1c4ea2155fd5b6e3f89e36b8aa21b5a14c9bbaf9b44de2787641668bc95edc",
                "sha256:2b7469a98df1315d4f52319c4438eaee3fdd17330830edadae775e9312402638",
                "sha256:3b556160aac294fa661545245e4bc273328f9226e5110139647f4d4bc0cfc453",
                "sha256:3eb25d2c2bde078815d8f7ea400abbcae16a0c498a4b27ead3c4a620b1f1f980",
                "sha256:3f229c0b2ca27eb5b08777981d3bd0d34e59bfa306627b88d80c3734cd3e26d5",
                "sha256:4695755cc70b7a9308508aa41eafc3f335348be0eadd86e8f92cb87815d6177b",
                "sha256:4f97b4474e419ae5c441ecdf0db8eceb5f5af0461bdf73e3e5ec05353844045c",
                "sha256:550d2d8516e468192e12be8aeaf80f3bd805dc46dd0a5a4ddf2a3e1cd8149a16",
                "sha256:59aa9c4ca80d397f6cabec092b5a6e2304fb1b7ca53e5b650872aae13ebfeb68",
                "sha256:6e4479b75778b9c1e4640dc90efb72cb990471d56089947d6be4ccd9e7a56a3c",
                "sha256:6e9434bd0afa6d6fcf9abbc565750cc456b6e60dc49abd7cd2bc7cf414ee079b",
                "sha256:73e4e30b72da1f9f8caba775ad9cc027957c2340c38ba2d6622a9f2351b12c3a",
                "sha256:7c05c2ba8ab32f02b23a56a75a4d136c2bfb7221a04a8306835a938fa6711644",
                "sha256:849e4cabce1ed1183e83dc89570810b3bf9bf9cf0d0a605bde854a0baf212124",
                "sha256:863c6fcf5fc0c8184b6315885429f5468373a3def2eb0c0073d09b79b2161113",
                "sha256:8e688df260682038ecd32f106d796024fbcf70e7bf54340b14f991bd5465f97a",
                "sha256:9675a26d01ec141cb717091bb139b6227bfb3794f521943101da50327bff4825",
                "sha256:969b0d9663c0c641347d2408d41e6723e84d9f7863babc94438c91295c74f36d",
                "sha256:978560732758bf5fca4ec1ed124afe2702d08824f6b0364cca31519bd5e7dadd",
                "sha256:99ea85b47248c6cdbece147bdbd67aed16209bdd95770aa1f151ec3bb8794496",
                "sha256:9cdc318c37fa959909db5beb05ca0b684d3e2cba8f40af1ce6f332c3f69bd2b8",
                "sha256:b55c26510ff7f135af8eae1216372028cde7dab22003d918649fce219020eb58",
                "sha256:cb301340b4fc1f2b7b25ea4584c5cbde139ced2d4ff01ad5e8fcf7d7822982b0",
                "sha256:e7578a573454a5490553fb091374996d32269dff44021a401763080bda1357cf",
                "sha256:e84387d35a666aafafda332afca8a75fb04f097cc0a2dc2d04e8c90a83cf7c1b",
                "sha256:eb66eff64ea75f028af3ac63a7a2bf1e8733297141a85cbdffd5deaef404fa52",
                "sha256:f5e3afd2cc35a73f34c3084c69fe4653591611da5189e50b58db550bb46e340a",
                "sha256:f6c10628386bfe0c1f6640c28fb262d0960bb26c249cefabb755fb273323220d"
            ],
            "index": "pypi",
            "version": "==3.5.34"
        },
        "six": {
            "hashes": [
                "sha256:30639c035cdb23534cd4aa2dd52c3bf48f06e5f4a941509c8bafd8ce11080259",
                "sha256:8b74bedcbbbaca38ff6d7491d76f2b06b3592611af620f8426e82dddb04a5ced"
            ],
            "version": "==1.15.0"
        },
        "sqlparse": {
            "hashes": [
                "sha256:022fb9c87b524d1f7862b3037e541f68597a730a8843245c349fc93e1643dc4e",
                "sha256:e162203737712307dfe78860cc56c8da8a852ab2ee33750e33aeadf38d12c548"
            ],
            "version": "==0.3.1"
        }
    },
    "develop": {
        "attrs": {
            "hashes": [
                "sha256:08a96c641c3a74e44eb59afb61a24f2cb9f4d7188748e76ba4bb5edfa3cb7d1c",
                "sha256:f7b7ce16570fe9965acd6d30101a28f62fb4a7f9e926b3bbc9b61f8b04247e72"
            ],
            "version": "==19.3.0"
        },
        "more-itertools": {
            "hashes": [
                "sha256:558bb897a2232f5e4f8e2399089e35aecb746e1f9191b6584a151647e89267be",
                "sha256:7818f596b1e87be009031c7653d01acc46ed422e6656b394b0f765ce66ed4982"
            ],
            "version": "==8.3.0"
        },
        "packaging": {
            "hashes": [
                "sha256:4357f74f47b9c12db93624a82154e9b120fa8293699949152b22065d556079f8",
                "sha256:998416ba6962ae7fbd6596850b80e17859a5753ba17c32284f67bfff33784181"
            ],
            "version": "==20.4"
        },
        "pluggy": {
            "hashes": [
                "sha256:15b2acde666561e1298d71b523007ed7364de07029219b604cf808bfa1c765b0",
                "sha256:966c145cd83c96502c3c3868f50408687b38434af77734af1e9ca461a4081d2d"
            ],
            "version": "==0.13.1"
        },
        "py": {
            "hashes": [
                "sha256:5e27081401262157467ad6e7f851b7aa402c5852dbcb3dae06768434de5752aa",
                "sha256:c20fdd83a5dbc0af9efd622bee9a5564e278f6380fffcacc43ba6f43db2813b0"
            ],
            "version": "==1.8.1"
        },
        "pyparsing": {
            "hashes": [
                "sha256:c203ec8783bf771a155b207279b9bccb8dea02d8f0c9e5f8ead507bc3246ecc1",
                "sha256:ef9d7589ef3c200abe66653d3f1ab1033c3c419ae9b9bdb1240a85b024efc88b"
            ],
            "version": "==2.4.7"
        },
        "pytest": {
            "hashes": [
                "sha256:6b571215b5a790f9b41f19f3531c53a45cf6bb8ef2988bc1ff9afb38270b25fa",
                "sha256:e41d489ff43948babd0fad7ad5e49b8735d5d55e26628a58673c39ff61d95de4"
            ],
            "index": "pypi",
            "version": "==5.3.2"
        },
        "pytest-django": {
            "hashes": [
                "sha256:456fa6854d04ee625d6bbb8b38ca2259e7040a6f93333bfe8bc8159b7e987203",
                "sha256:489b904f695f9fb880ce591cf5a4979880afb467763b1f180c07574554bdfd26"
            ],
            "index": "pypi",
            "version": "==3.8.0"
        },
        "pytest-sugar": {
            "hashes": [
                "sha256:26cf8289fe10880cbbc130bd77398c4e6a8b936d8393b116a5c16121d95ab283",
                "sha256:fcd87a74b2bce5386d244b49ad60549bfbc4602527797fac167da147983f58ab"
            ],
            "index": "pypi",
            "version": "==0.9.2"
        },
        "six": {
            "hashes": [
                "sha256:30639c035cdb23534cd4aa2dd52c3bf48f06e5f4a941509c8bafd8ce11080259",
                "sha256:8b74bedcbbbaca38ff6d7491d76f2b06b3592611af620f8426e82dddb04a5ced"
            ],
            "version": "==1.15.0"
        },
        "termcolor": {
            "hashes": [
                "sha256:1d6d69ce66211143803fbc56652b41d73b4a400a2891d7bf7a1cdf4c02de613b"
            ],
            "version": "==1.1.0"
        },
        "wcwidth": {
            "hashes": [
                "sha256:980fbf4f3c196c0f329cdcd1e84c554d6a211f18e252e525a0cf4223154a41d6",
                "sha256:edbc2b718b4db6cdf393eefe3a420183947d6aa312505ce6754516f458ff8830"
            ],
            "version": "==0.2.3"
        }
    }
}
