{
    "_meta": {
        "hash": {
            "sha256": "2c78510ec3d561672dfbc0e5b839db5b609522a6e728e28a893de7a40ce5e868"
        },
        "pipfile-spec": 6,
        "requires": {
            "python_version": "3.8"
        },
        "sources": [
            {
                "name": "pypi",
                "url": "https://pypi.org/simple",
                "verify_ssl": true
            }
        ]
    },
    "default": {
        "asgiref": {
            "hashes": [
                "sha256:5ee950735509d04eb673bd7f7120f8fa1c9e2df495394992c73234d526907e17",
                "sha256:7162a3cb30ab0609f1a4c95938fd73e8604f63bdba516a7f7d64b83ff09478f0"
            ],
            "version": "==3.3.1"
        },
        "django": {
            "hashes": [
                "sha256:5c866205f15e7a7123f1eec6ab939d22d5bde1416635cab259684af66d8e48a2",
                "sha256:edb10b5c45e7e9c0fb1dc00b76ec7449aca258a39ffd613dbd078c51d19c9f03"
            ],
            "index": "pypi",
            "version": "==3.1.4"
        },
        "django-extensions": {
            "hashes": [
                "sha256:7cd002495ff0a0e5eb6cdd6be759600905b4e4079232ea27618fc46bdd853651",
                "sha256:c7f88625a53f631745d4f2bef9ec4dcb999ed59476393bdbbe99db8596778846"
            ],
            "index": "pypi",
            "version": "==3.1.0"
        },
        "django-solo": {
            "hashes": [
                "sha256:e412f0f844aa101fa77ba5d07768a8a77ea0e0a6e098b87a6eef3bedb2e5ecd4"
            ],
            "index": "pypi",
            "version": "==1.1.5"
        },
        "pillow": {
            "hashes": [
                "sha256:165c88bc9d8dba670110c689e3cc5c71dbe4bfb984ffa7cbebf1fac9554071d6",
                "sha256:22d070ca2e60c99929ef274cfced04294d2368193e935c5d6febfd8b601bf865",
                "sha256:2353834b2c49b95e1313fb34edf18fca4d57446675d05298bb694bca4b194174",
                "sha256:39725acf2d2e9c17356e6835dccebe7a697db55f25a09207e38b835d5e1bc032",
                "sha256:3de6b2ee4f78c6b3d89d184ade5d8fa68af0848f9b6b6da2b9ab7943ec46971a",
                "sha256:47c0d93ee9c8b181f353dbead6530b26980fe4f5485aa18be8f1fd3c3cbc685e",
                "sha256:5e2fe3bb2363b862671eba632537cd3a823847db4d98be95690b7e382f3d6378",
                "sha256:604815c55fd92e735f9738f65dabf4edc3e79f88541c221d292faec1904a4b17",
                "sha256:6c5275bd82711cd3dcd0af8ce0bb99113ae8911fc2952805f1d012de7d600a4c",
                "sha256:731ca5aabe9085160cf68b2dbef95fc1991015bc0a3a6ea46a371ab88f3d0913",
                "sha256:7612520e5e1a371d77e1d1ca3a3ee6227eef00d0a9cddb4ef7ecb0b7396eddf7",
                "sha256:7916cbc94f1c6b1301ac04510d0881b9e9feb20ae34094d3615a8a7c3db0dcc0",
                "sha256:81c3fa9a75d9f1afafdb916d5995633f319db09bd773cb56b8e39f1e98d90820",
                "sha256:887668e792b7edbfb1d3c9d8b5d8c859269a0f0eba4dda562adb95500f60dbba",
                "sha256:93a473b53cc6e0b3ce6bf51b1b95b7b1e7e6084be3a07e40f79b42e83503fbf2",
                "sha256:96d4dc103d1a0fa6d47c6c55a47de5f5dafd5ef0114fa10c85a1fd8e0216284b",
                "sha256:a3d3e086474ef12ef13d42e5f9b7bbf09d39cf6bd4940f982263d6954b13f6a9",
                "sha256:b02a0b9f332086657852b1f7cb380f6a42403a6d9c42a4c34a561aa4530d5234",
                "sha256:b09e10ec453de97f9a23a5aa5e30b334195e8d2ddd1ce76cc32e52ba63c8b31d",
                "sha256:b6f00ad5ebe846cc91763b1d0c6d30a8042e02b2316e27b05de04fa6ec831ec5",
                "sha256:bba80df38cfc17f490ec651c73bb37cd896bc2400cfba27d078c2135223c1206",
                "sha256:c3d911614b008e8a576b8e5303e3db29224b455d3d66d1b2848ba6ca83f9ece9",
                "sha256:ca20739e303254287138234485579b28cb0d524401f83d5129b5ff9d606cb0a8",
                "sha256:cb192176b477d49b0a327b2a5a4979552b7a58cd42037034316b8018ac3ebb59",
                "sha256:cdbbe7dff4a677fb555a54f9bc0450f2a21a93c5ba2b44e09e54fcb72d2bd13d",
                "sha256:d355502dce85ade85a2511b40b4c61a128902f246504f7de29bbeec1ae27933a",
                "sha256:dc577f4cfdda354db3ae37a572428a90ffdbe4e51eda7849bf442fb803f09c9b",
                "sha256:dd9eef866c70d2cbbea1ae58134eaffda0d4bfea403025f4db6859724b18ab3d"
            ],
            "version": "==8.1.0"
        },
        "pytz": {
            "hashes": [
                "sha256:16962c5fb8db4a8f63a26646d8886e9d769b6c511543557bc84e9569fb9a9cb4",
                "sha256:180befebb1927b16f6b57101720075a984c019ac16b1b7575673bea42c6c3da5"
            ],
            "index": "pypi",
            "version": "==2020.5"
        },
        "reportlab": {
            "hashes": [
                "sha256:090d194d830e4a71dd98315409093d8e0dd727d7ebcb7a8c259702f689771a24",
                "sha256:092868dc4d20219a25729774ab1a00a7b19a298921c54335d8400b18a5be2947",
                "sha256:0bd8f893c56f7e1431474e4e2b84b0f940a383e94645c0462fdda79596a7919c",
                "sha256:1460297593a23d2b7f0ac05676a5e3d199e5a60c94d474c077919cbbff2067a6",
                "sha256:18236986052a1cb0258bf009ac68aba994b8c88096f7d983ef7f042cd23ee67e",
                "sha256:1a8e646e34e28708295f7111ea652313c4c3e5f11bcaed7d1bf431913965ff26",
                "sha256:21c11634cd29d992ee6b9483b9399b6ac3a68aac55e8695f79fac9e4748c7ec7",
                "sha256:3362106e604ccf462b677062703ccc0d26f20e814d90aec7320f38462057a3a1",
                "sha256:3769d938d0c600951b3e803a7a4ff91bf7e6e9648526fa5d10adff842e15650e",
                "sha256:3ce2375525556a78c40213c6dc958d0d25b20bd798348c0d29d15178abce85c9",
                "sha256:44881370323d74b1cbd8895d8ac6b33017e02e5b6a3ec48d48ca9464db862e86",
                "sha256:4d52185ec4f76f4be1eac7ca75a034b8cf6e5349f294819bb3194bbe40a6d0ed",
                "sha256:502764b41eb6e0e4c59d20ded779ab21880b6f397797c852798e5ec7c9717368",
                "sha256:5ab4b3d11b834fe299d33559d4e8dced4139a4389ef07dd988c1facd5207a3c7",
                "sha256:669ff6b054fdf81647da3a0c8a492f5ae5e1573b9856ae209cb5fafb432eecf8",
                "sha256:6d52dfbba868658250682e8d9cfcbdd1db966a3df26daa4d7a4b113952785cd5",
                "sha256:75379de38ae17ce0238d88747e0755bfa2311138f53e5d3a830e05887125b69e",
                "sha256:78638a55a5ca154ca4d3a5c621a2ff319d4f0397c4cacd4297c1c2a4cdfd109c",
                "sha256:7d9bdfde0528ed8df0c68ce932a0af006ba6986a11ca478b776c11136184ffe7",
                "sha256:81836ff7cb3b1c70cf329a4339ade65c7abab79a95c5d09cf0c01237a6df291e",
                "sha256:83b3f4394aac383b24cee9f8bd93484b109a6144ba709c8671fdac1b1ac6ce86",
                "sha256:85b44b2575fa375a1786ab4cd273b7089377870f0b9d232f659082149c107210",
                "sha256:896c4f2769b19910601976bd86e04e34660fd0686f71ba46b99ad058ba67b6e8",
                "sha256:896ddcf720d5ec0f9ce042ce073fe7c6c5ba36ae37cf5930368fe4d9b958037b",
                "sha256:8c19564962bd86fdadcd3782411a4afdf3c9e0fbc581cca61c8775df2791ee9c",
                "sha256:8dfeebe5fb78b6bee7d053a3ddc1300a01c7ee6e952fdb375c9bb071e6839ef8",
                "sha256:9330b55c89bc8dda66dd732cd9168f2a26ae5d43c5358a08cf4ef6763db831ee",
                "sha256:954db6ae3411367f46d4900815afc01808e6cdafaf410e9beecd890f7b1783c2",
                "sha256:9995b6eb3bbf235f6038d56a63b96b3883ab9c2a226f3ee692969ca56cbb24b4",
                "sha256:9fd2754fb47ff13133102b7e41bbb7849c403214cc843349bb52b96b9fefeb35",
                "sha256:a2d4c2795726a24514aaa281cf2ce078688dc6110f833677df0ebbe809a100ed",
                "sha256:a65bf69c7a95050079c168bf8315fe213397363cc218bd6e57dabe6d2c6a5a7c",
                "sha256:b4cba31a161dad4ffaf33f88b543a75b6bd808fe405b5f866b55594e78c226ab",
                "sha256:c2c3ecd0af43e00a6f8104bad55f67acaf1ad57ec3cd1db6b8f4421cdbb36aab",
                "sha256:c752def5b578bd89366689161a3b91fa8103be3cd8c078794bfc75fd65a756e7",
                "sha256:d0b447ab2f9f14a0671232ce8f8d8e9b6b36993f71761142b5e858c77b0c5ab3",
                "sha256:d808509337271ddf9022ed774e0081663b4b700e781e98b9671afc031f35f05f",
                "sha256:e4592b5478e4083deda5d39f5bad657eee8ea021f55f31b2c2756a832698e910",
                "sha256:ed39509a078930599c74d395f624bac3d4c341845bfbf0a22534dc65db357eb5",
                "sha256:f08073a7e891525e0e406052dd81d031211bd567df729bdda450eb4b52488168"
            ],
            "index": "pypi",
            "version": "==3.5.58"
        },
        "sqlparse": {
            "hashes": [
                "sha256:017cde379adbd6a1f15a61873f43e8274179378e95ef3fede90b5aa64d304ed0",
                "sha256:0f91fd2e829c44362cbcfab3e9ae12e22badaa8a29ad5ff599f9ec109f0454e8"
            ],
            "version": "==0.4.1"
        }
    },
    "develop": {
        "attrs": {
            "hashes": [
                "sha256:31b2eced602aa8423c2aea9c76a724617ed67cf9513173fd3a4f03e3a929c7e6",
                "sha256:832aa3cde19744e49938b91fea06d69ecb9e649c93ba974535d08ad92164f700"
            ],
            "version": "==20.3.0"
        },
        "iniconfig": {
            "hashes": [
                "sha256:011e24c64b7f47f6ebd835bb12a743f2fbe9a26d4cecaa7f53bc4f35ee9da8b3",
                "sha256:bc3af051d7d14b2ee5ef9969666def0cd1a000e121eaea580d4a313df4b37f32"
            ],
            "version": "==1.1.1"
        },
        "packaging": {
            "hashes": [
                "sha256:24e0da08660a87484d1602c30bb4902d74816b6985b93de36926f5bc95741858",
                "sha256:78598185a7008a470d64526a8059de9aaa449238f280fc9eb6b13ba6c4109093"
            ],
            "version": "==20.8"
        },
        "pluggy": {
            "hashes": [
                "sha256:15b2acde666561e1298d71b523007ed7364de07029219b604cf808bfa1c765b0",
                "sha256:966c145cd83c96502c3c3868f50408687b38434af77734af1e9ca461a4081d2d"
            ],
            "version": "==0.13.1"
        },
        "py": {
            "hashes": [
                "sha256:21b81bda15b66ef5e1a777a21c4dcd9c20ad3efd0b3f817e7a809035269e1bd3",
                "sha256:3b80836aa6d1feeaa108e046da6423ab8f6ceda6468545ae8d02d9d58d18818a"
            ],
            "version": "==1.10.0"
        },
        "pyparsing": {
            "hashes": [
                "sha256:c203ec8783bf771a155b207279b9bccb8dea02d8f0c9e5f8ead507bc3246ecc1",
                "sha256:ef9d7589ef3c200abe66653d3f1ab1033c3c419ae9b9bdb1240a85b024efc88b"
            ],
            "version": "==2.4.7"
        },
        "pytest": {
            "hashes": [
                "sha256:1969f797a1a0dbd8ccf0fecc80262312729afea9c17f1d70ebf85c5e76c6f7c8",
                "sha256:66e419b1899bc27346cb2c993e12c5e5e8daba9073c1fbce33b9807abc95c306"
            ],
            "index": "pypi",
            "version": "==6.2.1"
        },
        "pytest-django": {
            "hashes": [
                "sha256:10e384e6b8912ded92db64c58be8139d9ae23fb8361e5fc139d8e4f8fc601bc2",
                "sha256:26f02c16d36fd4c8672390deebe3413678d89f30720c16efb8b2a6bf63b9041f"
            ],
            "index": "pypi",
            "version": "==4.1.0"
        },
        "pytest-sugar": {
            "hashes": [
                "sha256:b1b2186b0a72aada6859bea2a5764145e3aaa2c1cfbb23c3a19b5f7b697563d3"
            ],
            "index": "pypi",
            "version": "==0.9.4"
        },
        "termcolor": {
            "hashes": [
                "sha256:1d6d69ce66211143803fbc56652b41d73b4a400a2891d7bf7a1cdf4c02de613b"
            ],
            "version": "==1.1.0"
        },
        "toml": {
            "hashes": [
                "sha256:806143ae5bfb6a3c6e736a764057db0e6a0e05e338b5630894a5f779cabb4f9b",
                "sha256:b3bda1d108d5dd99f4a20d24d9c348e91c4db7ab1b749200bded2f839ccbe68f"
            ],
            "version": "==0.10.2"
        }
    }
}
