{
    "_meta": {
        "hash": {
            "sha256": "2c78510ec3d561672dfbc0e5b839db5b609522a6e728e28a893de7a40ce5e868"
        },
        "pipfile-spec": 6,
        "requires": {
            "python_version": "3.8"
        },
        "sources": [
            {
                "name": "pypi",
                "url": "https://pypi.org/simple",
                "verify_ssl": true
            }
        ]
    },
    "default": {
        "asgiref": {
            "hashes": [
                "sha256:7e51911ee147dd685c3c8b805c0ad0cb58d360987b56953878f8c06d2d1c6f1a",
                "sha256:9fc6fb5d39b8af147ba40765234fa822b39818b12cc80b35ad9b0cef3a476aed"
            ],
            "markers": "python_version >= '3.5'",
            "version": "==3.2.10"
        },
        "django": {
            "hashes": [
                "sha256:1a63f5bb6ff4d7c42f62a519edc2adbb37f9b78068a5a862beff858b68e3dc8b",
                "sha256:2d390268a13c655c97e0e2ede9d117007996db692c1bb93eabebd4fb7ea7012b"
            ],
            "index": "pypi",
            "version": "==3.1"
        },
        "django-extensions": {
            "hashes": [
                "sha256:40d4b7aec7bbe66dda8704fbfaf2e1b7e04ec4aea6b10dcbd78d8af7c37bfddb",
                "sha256:6306175ae8c78c18ea7aff794f5fa3a47de7d128666e6668bd40596895da7f84"
            ],
            "index": "pypi",
            "version": "==3.0.5"
        },
        "django-solo": {
            "hashes": [
                "sha256:b1206b9a9411b19a4354f7d7d245909a9ea7e9cd566b594363b5adce7dc13e5d"
            ],
            "index": "pypi",
            "version": "==1.1.3"
        },
        "pillow": {
            "hashes": [
                "sha256:06aba4169e78c439d528fdeb34762c3b61a70813527a2c57f0540541e9f433a8",
                "sha256:0a80dd307a5d8440b0a08bd7b81617e04d870e40a3e46a32d9c246e54705e86f",
                "sha256:c79f9c5fb846285f943aafeafda3358992d64f0ef58566e23484132ecd8d7d63",
                "sha256:5e51ee2b8114def244384eda1c82b10e307ad9778dac5c83fb0943775a653cd8",
                "sha256:1ca594126d3c4def54babee699c055a913efb01e106c309fa6b04405d474d5ae",
                "sha256:d350f0f2c2421e65fbc62690f26b59b0bcda1b614beb318c81e38647e0f673a1",
                "sha256:9ad7f865eebde135d526bb3163d0b23ffff365cf87e767c649550964ad72785d",
                "sha256:52125833b070791fcb5710fabc640fc1df07d087fc0c0f02d3661f76c23c5b8b",
                "sha256:725aa6cfc66ce2857d585f06e9519a1cc0ef6d13f186ff3447ab6dff0a09bc7f",
                "sha256:f7e30c27477dffc3e85c2463b3e649f751789e0f6c8456099eea7ddd53be4a8a",
                "sha256:edf31f1150778abd4322444c393ab9c7bd2af271dd4dafb4208fb613b1f3cdc9",
                "sha256:6edb5446f44d901e8683ffb25ebdfc26988ee813da3bf91e12252b57ac163727",
                "sha256:c92302a33138409e8f1ad16731568c55c9053eee71bb05b6b744067e1b62380f",
                "sha256:d08b23fdb388c0715990cbc06866db554e1822c4bdcf6d4166cf30ac82df8c41",
                "sha256:e901964262a56d9ea3c2693df68bc9860b8bdda2b04768821e4c44ae797de117",
                "sha256:ffe538682dc19cc542ae7c3e504fdf54ca7f86fb8a135e59dd6bc8627eae6cce",
                "sha256:8dad18b69f710bf3a001d2bf3afab7c432785d94fcf819c16b5207b1cfd17d38",
                "sha256:612cfda94e9c8346f239bf1a4b082fdd5c8143cf82d685ba2dba76e7adeeb233",
                "sha256:94cf49723928eb6070a892cb39d6c156f7b5a2db4e8971cb958f7b6b104fb4c4",
                "sha256:431b15cffbf949e89df2f7b48528be18b78bfa5177cb3036284a5508159492b5",
                "sha256:a060cf8aa332052df2158e5a119303965be92c3da6f2d93b6878f0ebca80b2f6",
                "sha256:6d7741e65835716ceea0fd13a7d0192961212fd59e741a46bbed7a473c634ed6",
                "sha256:97f9e7953a77d5a70f49b9a48da7776dc51e9b738151b22dacf101641594a626",
                "sha256:09d7f9e64289cb40c2c8d7ad674b2ed6105f55dc3b09aa8e4918e20a0311e7ad",
                "sha256:0295442429645fa16d05bd567ef5cff178482439c9aad0411d3f0ce9b88b3a6f",
                "sha256:ec29604081f10f16a7aea809ad42e27764188fc258b02259a03a8ff7ded3808d",
                "sha256:25930fadde8019f374400f7986e8404c8b781ce519da27792cbe46eabec00c4d",
                "sha256:9c87ef410a58dd54b92424ffd7e28fd2ec65d2f7fc02b76f5e9b2067e355ebf6"
            ],
            "markers": "python_version >= '3.5'",
            "version": "==7.2.0"
        },
        "pytz": {
            "hashes": [
                "sha256:a494d53b6d39c3c6e44c3bec237336e14305e4f29bbf800b599253057fbb79ed",
                "sha256:c35965d010ce31b23eeb663ed3cc8c906275d6be1a34393a1d73a41febf4a048"
            ],
            "index": "pypi",
            "version": "==2020.1"
        },
        "reportlab": {
            "hashes": [
                "sha256:0474051ead5a61e44063d8f9481a8d339b0633ece4164eda1899f48918d3c817",
                "sha256:05f50dd5b6092d412190933382319cbba5a864950c987825332b8701bbe42c07",
                "sha256:09a3a082da3ae65844a0b6834f2f09427e5f64171127bea19a94da108df33ce7",
                "sha256:09ba191ee5ba5b45dc33010bcc63008cfc3784aa2e0405267c5497b748839cfa",
                "sha256:0ab25559416b7e3cb8b4e321350778ea42ede208a2ef1cbff4917ec9a3f8cad1",
                "sha256:0bfe3fe6e1bd1d922f83683eae2ba1d2d29de94e25fb115eacca9530b4b02f76",
                "sha256:1c213899b5876b284e909d44fb250a71a1a56930786b59c140264d7804f35899",
                "sha256:258bb8c06021dbc2d5dbf715b44c0a0f21fd5c50ed7355308c481028a5e2cc7b",
                "sha256:28d87fee0c3ccdbbfe4377dfb246e4c3274a2cde2efc9c778d6b9e3c152447fd",
                "sha256:2f2d0b9fa3342b61fcbe47fd6621e4b3b195c4d0a84cdef5df0215eab1236fcb",
                "sha256:485b654cd749ba916c15772353e9d013df6a96bf32e4b8aa0e4e246c5972bb44",
                "sha256:49801520ae9f4817064de9e03530eda593b1b31ddd87a8a2d39fcb4877f4bf0b",
                "sha256:4e738847ac769ccb7cfd9bbfd1f4a9fe94515dd0d12a659a79670994c4a0b018",
                "sha256:56b1dc9863860ef5dca61fa219c26d9064319a702e6017250b5c55807467a484",
                "sha256:57017f9aa92c529df669b32f7e0352e663927295156b409c073fa5852e2441d6",
                "sha256:5b9a4dc67d8de2b3df5faa2e5f77c964c205708ee50161840d3541264477a981",
                "sha256:60f3720a35f6b2d75c6a903a8f011ab7f3137be1a975b3bad0626b6c01f0c6bc",
                "sha256:6653597679b4a31df26f37be85d20fcf6f266a8c5d167285a2f12458767356cc",
                "sha256:68f031c4a28ddcdf49b7e455ccf51c23a3871c2e4b4fbe77f1e78d1ec1791fa5",
                "sha256:73d7cd42dc4f2f909356f5d908500e7bad22bd5aa6561840c251ddef12331adc",
                "sha256:818184940189b8b1aed283caace1bcda74ea726a01c08bf84a02930f27e914cd",
                "sha256:885edd7ffc34b89fb88264939259e8d2db418a354e69326b2beabce58b8c98e9",
                "sha256:955c928379c5f62e162f6ce45c8afa596fcb2b6c00c5be77c7369acacc4d6420",
                "sha256:98cbf102db691ebff179d9e53e301d1cecdf8e5f8427001fb177f9e6f263272b",
                "sha256:9c83da38b834a0ee0025c44da95a54eacab0a1ed9fa2f48af813b350bb8b1bd0",
                "sha256:9cc7151f501bf11090858eae73f5d1a730147a6aa8e71eb72fad4ce0668c3197",
                "sha256:aa37237991da0c12fef2ae6f1ea384119d3952acde628288074f7ac5ac0d4361",
                "sha256:afeb9e21f3c5a5c940ed75e06ec6bc1106fdde5704d2f248b07650e54389dccc",
                "sha256:b12685d2b96121c6ba8b67dbe8a444d1264430f34bec464dc3275bbbae6b1b2c",
                "sha256:b17113b2c2a520a3f3a7c0b114f79355add7648274d4d387ac260fbd85086fb7",
                "sha256:bdd46cb327f635d3ad38674c239b2eef9fabf937913df48366372f13e1a1d66f",
                "sha256:bf4ec241010061aae061196f92a1fa59e0bd11260d1890d7f5563fa59cf9077f",
                "sha256:c34fab4d46235c92dbd1eb85726f496f466855585b609370aead91515ec28592",
                "sha256:c6310d9bd63248771b7fa709f7d95086008d7d9fd8f22f28aad39e85f4768da2",
                "sha256:d0c387cf870989f561c4ebb8706bb4e6f226a7d86f3e3b437a451ec765a0aba9",
                "sha256:d53b9ec6b2cc1264a18a0f41a7c29bc9b45c4dca10620bd72e145624e5013aa0",
                "sha256:d7bac677be457286e2ae6fb71ca9f182fadfcb081dbf1cf129eff2510a7ad753",
                "sha256:ec422f0468b9b1d1c6ad20b0c77884a976e08dcd91a5318d54d41a665799ed07",
                "sha256:f1ce639206409d7a129d82a60d1daa8d7b8fbb8d89a27c66507c0e99cf98904d",
                "sha256:fd29651d52132869b8f4dd92476d2df1bd70d2c833127dfb2ffedae99f563b61"
            ],
            "index": "pypi",
            "version": "==3.5.48"
        },
        "sqlparse": {
            "hashes": [
                "sha256:022fb9c87b524d1f7862b3037e541f68597a730a8843245c349fc93e1643dc4e",
                "sha256:e162203737712307dfe78860cc56c8da8a852ab2ee33750e33aeadf38d12c548"
            ],
            "markers": "python_version >= '2.7' and python_version not in '3.0, 3.1, 3.2, 3.3'",
            "version": "==0.3.1"
        }
    },
    "develop": {
        "attrs": {
            "hashes": [
                "sha256:08a96c641c3a74e44eb59afb61a24f2cb9f4d7188748e76ba4bb5edfa3cb7d1c",
                "sha256:f7b7ce16570fe9965acd6d30101a28f62fb4a7f9e926b3bbc9b61f8b04247e72"
            ],
            "markers": "python_version >= '2.7' and python_version not in '3.0, 3.1, 3.2, 3.3'",
            "version": "==19.3.0"
        },
        "iniconfig": {
            "hashes": [
                "sha256:80cf40c597eb564e86346103f609d74efce0f6b4d4f30ec8ce9e2c26411ba437",
                "sha256:e5f92f89355a67de0595932a6c6c02ab4afddc6fcdc0bfc5becd0d60884d3f69"
            ],
            "version": "==1.0.1"
        },
        "more-itertools": {
            "hashes": [
                "sha256:68c70cc7167bdf5c7c9d8f6954a7837089c6a36bf565383919bb595efb8a17e5",
                "sha256:b78134b2063dd214000685165d81c154522c3ee0a1c0d4d113c80361c234c5a2"
            ],
            "markers": "python_version >= '3.5'",
            "version": "==8.4.0"
        },
        "packaging": {
            "hashes": [
                "sha256:4357f74f47b9c12db93624a82154e9b120fa8293699949152b22065d556079f8",
                "sha256:998416ba6962ae7fbd6596850b80e17859a5753ba17c32284f67bfff33784181"
            ],
            "markers": "python_version >= '2.7' and python_version not in '3.0, 3.1, 3.2, 3.3'",
            "version": "==20.4"
        },
        "pluggy": {
            "hashes": [
                "sha256:15b2acde666561e1298d71b523007ed7364de07029219b604cf808bfa1c765b0",
                "sha256:966c145cd83c96502c3c3868f50408687b38434af77734af1e9ca461a4081d2d"
            ],
            "markers": "python_version >= '2.7' and python_version not in '3.0, 3.1, 3.2, 3.3'",
            "version": "==0.13.1"
        },
        "py": {
            "hashes": [
                "sha256:366389d1db726cd2fcfc79732e75410e5fe4d31db13692115529d34069a043c2",
                "sha256:9ca6883ce56b4e8da7e79ac18787889fa5206c79dcc67fb065376cd2fe03f342"
            ],
            "markers": "python_version >= '2.7' and python_version not in '3.0, 3.1, 3.2, 3.3'",
            "version": "==1.9.0"
        },
        "pyparsing": {
            "hashes": [
                "sha256:c203ec8783bf771a155b207279b9bccb8dea02d8f0c9e5f8ead507bc3246ecc1",
                "sha256:ef9d7589ef3c200abe66653d3f1ab1033c3c419ae9b9bdb1240a85b024efc88b"
            ],
            "markers": "python_version >= '2.6' and python_version not in '3.0, 3.1, 3.2, 3.3'",
            "version": "==2.4.7"
        },
        "pytest": {
            "hashes": [
                "sha256:85228d75db9f45e06e57ef9bf4429267f81ac7c0d742cc9ed63d09886a9fe6f4",
                "sha256:8b6007800c53fdacd5a5c192203f4e531eb2a1540ad9c752e052ec0f7143dbad"
            ],
            "index": "pypi",
            "version": "==6.0.1"
        },
        "pytest-django": {
            "hashes": [
                "sha256:64f99d565dd9497af412fcab2989fe40982c1282d4118ff422b407f3f7275ca5",
                "sha256:664e5f42242e5e182519388f01b9f25d824a9feb7cd17d8f863c8d776f38baf9"
            ],
            "index": "pypi",
            "version": "==3.9.0"
        },
        "pytest-sugar": {
            "hashes": [
                "sha256:b1b2186b0a72aada6859bea2a5764145e3aaa2c1cfbb23c3a19b5f7b697563d3"
            ],
            "index": "pypi",
            "version": "==0.9.4"
        },
        "six": {
            "hashes": [
                "sha256:30639c035cdb23534cd4aa2dd52c3bf48f06e5f4a941509c8bafd8ce11080259",
                "sha256:8b74bedcbbbaca38ff6d7491d76f2b06b3592611af620f8426e82dddb04a5ced"
            ],
            "markers": "python_version >= '2.7' and python_version not in '3.0, 3.1, 3.2, 3.3'",
            "version": "==1.15.0"
        },
        "termcolor": {
            "hashes": [
                "sha256:1d6d69ce66211143803fbc56652b41d73b4a400a2891d7bf7a1cdf4c02de613b"
            ],
            "version": "==1.1.0"
        },
        "toml": {
            "hashes": [
                "sha256:926b612be1e5ce0634a2ca03470f95169cf16f939018233a670519cb4ac58b0f",
                "sha256:bda89d5935c2eac546d648028b9901107a595863cb36bae0c73ac804a9b4ce88"
            ],
            "version": "==0.10.1"
        }
    }
}
